
Microsoft Visual Studio Solution File, Format Version 12.00
Project("{FAE04EC0-301F-11D3-BF4B-00C04F79EFBC}") = "EmailScript", "EmailScript\EmailScript.csproj", "{8AC596E2-338F-4018-86B1-51C25BD6230D}"
EndProject
Project("{FAE04EC0-301F-11D3-BF4B-00C04F79EFBC}") = "EmailScriptExample", "EmailScriptExample\EmailScriptExample.csproj", "{3C0CF461-547F-460B-A66E-D1635788FA6A}"
EndProject
Global
	GlobalSection(SolutionConfigurationPlatforms) = preSolution
		Debug|Any CPU = Debug|Any CPU
		Release|Any CPU = Release|Any CPU
	EndGlobalSection
	GlobalSection(ProjectConfigurationPlatforms) = postSolution
		{8AC596E2-338F-4018-86B1-51C25BD6230D}.Debug|Any CPU.ActiveCfg = Debug|Any CPU
		{8AC596E2-338F-4018-86B1-51C25BD6230D}.Debug|Any CPU.Build.0 = Debug|Any CPU
		{8AC596E2-338F-4018-86B1-51C25BD6230D}.Release|Any CPU.ActiveCfg = Release|Any CPU
		{8AC596E2-338F-4018-86B1-51C25BD6230D}.Release|Any CPU.Build.0 = Release|Any CPU
		{3C0CF461-547F-460B-A66E-D1635788FA6A}.Debug|Any CPU.ActiveCfg = Debug|Any CPU
		{3C0CF461-547F-460B-A66E-D1635788FA6A}.Debug|Any CPU.Build.0 = Debug|Any CPU
		{3C0CF461-547F-460B-A66E-D1635788FA6A}.Release|Any CPU.ActiveCfg = Release|Any CPU
		{3C0CF461-547F-460B-A66E-D1635788FA6A}.Release|Any CPU.Build.0 = Release|Any CPU
	EndGlobalSection
EndGlobal
